
Microsoft Visual Studio Solution File, Format Version 12.00
# Visual Studio Version 17
VisualStudioVersion = 17.0.31903.59
MinimumVisualStudioVersion = 10.0.40219.1
Project("{FAE04EC0-301F-11D3-BF4B-00C04F79EFBC}") = "calc x", "calc x\calc x.csproj", "{BA56058F-AE85-489F-B939-A4A4A10C1A09}"
EndProject
Global
	GlobalSection(SolutionConfigurationPlatforms) = preSolution
		Debug|Any CPU = Debug|Any CPU
		Release|Any CPU = Release|Any CPU
	EndGlobalSection
	GlobalSection(ProjectConfigurationPlatforms) = postSolution
		{BA56058F-AE85-489F-B939-A4A4A10C1A09}.Debug|Any CPU.ActiveCfg = Debug|Any CPU
		{BA56058F-AE85-489F-B939-A4A4A10C1A09}.Debug|Any CPU.Build.0 = Debug|Any CPU
		{BA56058F-AE85-489F-B939-A4A4A10C1A09}.Release|Any CPU.ActiveCfg = Release|Any CPU
		{BA56058F-AE85-489F-B939-A4A4A10C1A09}.Release|Any CPU.Build.0 = Release|Any CPU
	EndGlobalSection
	GlobalSection(SolutionProperties) = preSolution
		HideSolutionNode = FALSE
	EndGlobalSection
	GlobalSection(ExtensibilityGlobals) = postSolution
		SolutionGuid = {AA1A8202-628D-40B6-928D-B71F80A1FE5A}
	EndGlobalSection
EndGlobal
